<?xml version="1.0" encoding="utf-8"?>
<Project ToolsVersion="4.0" xmlns="http://schemas.microsoft.com/developer/msbuild/2003">
  <ItemGroup>
    <Filter Include="sdk">
      <UniqueIdentifier>{d70d3d86-af23-48cc-9992-e59cdcd74890}</UniqueIdentifier>
    </Filter>
    <Filter Include="sdk\amx">
      <UniqueIdentifier>{2f1817cb-fb42-4fff-b91a-272cc4f1b95d}</UniqueIdentifier>
    </Filter>
  </ItemGroup>
  <ItemGroup>
    <ClInclude Include="src\natives.h" />
    <ClInclude Include="src\main.h" />
    <ClInclude Include="src\resource.h" />
    <ClInclude Include="src\sdk\amx\amx2.h">
      <Filter>sdk\amx</Filter>
    </ClInclude>
    <ClInclude Include="src\sdk\amx\sclinux.h">
      <Filter>sdk\amx</Filter>
    </ClInclude>
    <ClInclude Include="src\sdk\amx\amx.h">
      <Filter>sdk\amx</Filter>
    </ClInclude>
    <ClInclude Include="src\sdk\plugincommon.h">
      <Filter>sdk</Filter>
    </ClInclude>
    <ClInclude Include="src\timers.h" />
    <ClInclude Include="src\time.h" />
  </ItemGroup>
  <ItemGroup>
    <ClCompile Include="src\natives.cpp" />
    <ClCompile Include="src\main.cpp" />
    <ClCompile Include="src\sdk\amxplugin2.cpp">
      <Filter>sdk</Filter>
    </ClCompile>
    <ClCompile Include="src\sdk\amxplugin.cpp">
      <Filter>sdk</Filter>
    </ClCompile>
    <ClCompile Include="src\timers.cpp" />
    <ClCompile Include="src\time.cpp" />
  </ItemGroup>
  <ItemGroup>
    <ResourceCompile Include="src\plugin.rc" />
  </ItemGroup>
  <ItemGroup>
    <None Include="src\plugin.def" />
  </ItemGroup>
</Project>